
Microsoft Visual Studio Solution File, Format Version 12.00
# Visual Studio Version 17
VisualStudioVersion = 17.13.35828.75 d17.13
MinimumVisualStudioVersion = 10.0.40219.1
Project("{FAE04EC0-301F-11D3-BF4B-00C04F79EFBC}") = "UsingSingleLinkedListLab", "UsingSingleLinkedListLab\UsingSingleLinkedListLab.csproj", "{DE99BE8B-8D20-4992-A6CE-73B0ED6A2CC1}"
EndProject
Project("{FAE04EC0-301F-11D3-BF4B-00C04F79EFBC}") = "Testing", "Testing\Testing.csproj", "{FC2E4BC4-4DDD-4F8A-B08B-5AACD8E18E71}"
EndProject
Global
	GlobalSection(SolutionConfigurationPlatforms) = preSolution
		Debug|Any CPU = Debug|Any CPU
		Release|Any CPU = Release|Any CPU
	EndGlobalSection
	GlobalSection(ProjectConfigurationPlatforms) = postSolution
		{DE99BE8B-8D20-4992-A6CE-73B0ED6A2CC1}.Debug|Any CPU.ActiveCfg = Debug|Any CPU
		{DE99BE8B-8D20-4992-A6CE-73B0ED6A2CC1}.Debug|Any CPU.Build.0 = Debug|Any CPU
		{DE99BE8B-8D20-4992-A6CE-73B0ED6A2CC1}.Release|Any CPU.ActiveCfg = Release|Any CPU
		{DE99BE8B-8D20-4992-A6CE-73B0ED6A2CC1}.Release|Any CPU.Build.0 = Release|Any CPU
		{FC2E4BC4-4DDD-4F8A-B08B-5AACD8E18E71}.Debug|Any CPU.ActiveCfg = Debug|Any CPU
		{FC2E4BC4-4DDD-4F8A-B08B-5AACD8E18E71}.Debug|Any CPU.Build.0 = Debug|Any CPU
		{FC2E4BC4-4DDD-4F8A-B08B-5AACD8E18E71}.Release|Any CPU.ActiveCfg = Release|Any CPU
		{FC2E4BC4-4DDD-4F8A-B08B-5AACD8E18E71}.Release|Any CPU.Build.0 = Release|Any CPU
	EndGlobalSection
	GlobalSection(SolutionProperties) = preSolution
		HideSolutionNode = FALSE
	EndGlobalSection
	GlobalSection(ExtensibilityGlobals) = postSolution
		SolutionGuid = {7C1E8759-DFC1-486E-86E2-AB4618D6187E}
	EndGlobalSection
EndGlobal
